// !$*UTF8*$!
{
	archiveVersion = 1;
	classes = {
	};
	objectVersion = 48;
	objects = {

/* Begin PBXBuildFile section */
		F81CF48621378C9D003B9322 /* AppDelegate.swift in Sources */ = {isa = PBXBuildFile; fileRef = F81CF48521378C9D003B9322 /* AppDelegate.swift */; };
		F81CF48821378C9D003B9322 /* ViewController.swift in Sources */ = {isa = PBXBuildFile; fileRef = F81CF48721378C9D003B9322 /* ViewController.swift */; };
		F81CF48B21378C9D003B9322 /* Main.storyboard in Resources */ = {isa = PBXBuildFile; fileRef = F81CF48921378C9D003B9322 /* Main.storyboard */; };
		F81CF48D21378C9D003B9322 /* Assets.xcassets in Resources */ = {isa = PBXBuildFile; fileRef = F81CF48C21378C9D003B9322 /* Assets.xcassets */; };
		F81CF49021378C9D003B9322 /* LaunchScreen.storyboard in Resources */ = {isa = PBXBuildFile; fileRef = F81CF48E21378C9D003B9322 /* LaunchScreen.storyboard */; };
		F81CF49B21378C9D003B9322 /* iOS_Prework_ProjectTests.swift in Sources */ = {isa = PBXBuildFile; fileRef = F81CF49A21378C9D003B9322 /* iOS_Prework_ProjectTests.swift */; };
/* End PBXBuildFile section */

/* Begin PBXContainerItemProxy section */
		F81CF49721378C9D003B9322 /* PBXContainerItemProxy */ = {
			isa = PBXContainerItemProxy;
			containerPortal = F81CF47A21378C9D003B9322 /* Project object */;
			proxyType = 1;
			remoteGlobalIDString = F81CF48121378C9D003B9322;
			remoteInfo = "iOS Prework Project";
		};
/* End PBXContainerItemProxy section */

/* Begin PBXFileReference section */
		F81CF48221378C9D003B9322 /* iOS Prework Project.app */ = {isa = PBXFileReference; explicitFileType = wrapper.application; includeInIndex = 0; path = "iOS Prework Project.app"; sourceTree = BUILT_PRODUCTS_DIR; };
		F81CF48521378C9D003B9322 /* AppDelegate.swift */ = {isa = PBXFileReference; lastKnownFileType = sourcecode.swift; path = AppDelegate.swift; sourceTree = "<group>"; };
		F81CF48721378C9D003B9322 /* ViewController.swift */ = {isa = PBXFileReference; lastKnownFileType = sourcecode.swift; path = ViewController.swift; sourceTree = "<group>"; };
		F81CF48A21378C9D003B9322 /* Base */ = {isa = PBXFileReference; lastKnownFileType = file.storyboard; name = Base; path = Base.lproj/Main.storyboard; sourceTree = "<group>"; };
		F81CF48C21378C9D003B9322 /* Assets.xcassets */ = {isa = PBXFileReference; lastKnownFileType = folder.assetcatalog; path = Assets.xcassets; sourceTree = "<group>"; };
		F81CF48F21378C9D003B9322 /* Base */ = {isa = PBXFileReference; lastKnownFileType = file.storyboard; name = Base; path = Base.lproj/LaunchScreen.storyboard; sourceTree = "<group>"; };
		F81CF49121378C9D003B9322 /* Info.plist */ = {isa = PBXFileReference; lastKnownFileType = text.plist.xml; path = Info.plist; sourceTree = "<group>"; };
		F81CF49621378C9D003B9322 /* iOS Prework ProjectTests.xctest */ = {isa = PBXFileReference; explicitFileType = wrapper.cfbundle; includeInIndex = 0; path = "iOS Prework ProjectTests.xctest"; sourceTree = BUILT_PRODUCTS_DIR; };
		F81CF49A21378C9D003B9322 /* iOS_Prework_ProjectTests.swift */ = {isa = PBXFileReference; lastKnownFileType = sourcecode.swift; path = iOS_Prework_ProjectTests.swift; sourceTree = "<group>"; };
		F81CF49C21378C9D003B9322 /* Info.plist */ = {isa = PBXFileReference; lastKnownFileType = text.plist.xml; path = Info.plist; sourceTree = "<group>"; };
/* End PBXFileReference section */

/* Begin PBXFrameworksBuildPhase section */
		F81CF47F21378C9D003B9322 /* Frameworks */ = {
			isa = PBXFrameworksBuildPhase;
			buildActionMask = 2147483647;
			files = (
			);
			runOnlyForDeploymentPostprocessing = 0;
		};
		F81CF49321378C9D003B9322 /* Frameworks */ = {
			isa = PBXFrameworksBuildPhase;
			buildActionMask = 2147483647;
			files = (
			);
			runOnlyForDeploymentPostprocessing = 0;
		};
/* End PBXFrameworksBuildPhase section */

/* Begin PBXGroup section */
		F81CF47921378C9D003B9322 = {
			isa = PBXGroup;
			children = (
				F81CF48421378C9D003B9322 /* iOS Prework Project */,
				F81CF49921378C9D003B9322 /* iOS Prework ProjectTests */,
				F81CF48321378C9D003B9322 /* Products */,
			);
			sourceTree = "<group>";
		};
		F81CF48321378C9D003B9322 /* Products */ = {
			isa = PBXGroup;
			children = (
				F81CF48221378C9D003B9322 /* iOS Prework Project.app */,
				F81CF49621378C9D003B9322 /* iOS Prework ProjectTests.xctest */,
			);
			name = Products;
			sourceTree = "<group>";
		};
		F81CF48421378C9D003B9322 /* iOS Prework Project */ = {
			isa = PBXGroup;
			children = (
				F81CF48521378C9D003B9322 /* AppDelegate.swift */,
				F81CF48721378C9D003B9322 /* ViewController.swift */,
				F81CF48921378C9D003B9322 /* Main.storyboard */,
				F81CF48C21378C9D003B9322 /* Assets.xcassets */,
				F81CF48E21378C9D003B9322 /* LaunchScreen.storyboard */,
				F81CF49121378C9D003B9322 /* Info.plist */,
			);
			path = "iOS Prework Project";
			sourceTree = "<group>";
		};
		F81CF49921378C9D003B9322 /* iOS Prework ProjectTests */ = {
			isa = PBXGroup;
			children = (
				F81CF49A21378C9D003B9322 /* iOS_Prework_ProjectTests.swift */,
				F81CF49C21378C9D003B9322 /* Info.plist */,
			);
			path = "iOS Prework ProjectTests";
			sourceTree = "<group>";
		};
/* End PBXGroup section */

/* Begin PBXNativeTarget section */
		F81CF48121378C9D003B9322 /* iOS Prework Project */ = {
			isa = PBXNativeTarget;
			buildConfigurationList = F81CF49F21378C9D003B9322 /* Build configuration list for PBXNativeTarget "iOS Prework Project" */;
			buildPhases = (
				F81CF47E21378C9D003B9322 /* Sources */,
				F81CF47F21378C9D003B9322 /* Frameworks */,
				F81CF48021378C9D003B9322 /* Resources */,
			);
			buildRules = (
			);
			dependencies = (
			);
			name = "iOS Prework Project";
			productName = "iOS Prework Project";
			productReference = F81CF48221378C9D003B9322 /* iOS Prework Project.app */;
			productType = "com.apple.product-type.application";
		};
		F81CF49521378C9D003B9322 /* iOS Prework ProjectTests */ = {
			isa = PBXNativeTarget;
			buildConfigurationList = F81CF4A221378C9D003B9322 /* Build configuration list for PBXNativeTarget "iOS Prework ProjectTests" */;
			buildPhases = (
				F81CF49221378C9D003B9322 /* Sources */,
				F81CF49321378C9D003B9322 /* Frameworks */,
				F81CF49421378C9D003B9322 /* Resources */,
			);
			buildRules = (
			);
			dependencies = (
				F81CF49821378C9D003B9322 /* PBXTargetDependency */,
			);
			name = "iOS Prework ProjectTests";
			productName = "iOS Prework ProjectTests";
			productReference = F81CF49621378C9D003B9322 /* iOS Prework ProjectTests.xctest */;
			productType = "com.apple.product-type.bundle.unit-test";
		};
/* End PBXNativeTarget section */

/* Begin PBXProject section */
		F81CF47A21378C9D003B9322 /* Project object */ = {
			isa = PBXProject;
			attributes = {
				LastSwiftUpdateCheck = 0910;
				LastUpgradeCheck = 0910;
				ORGANIZATIONNAME = "Nikhil Agrawal";
				TargetAttributes = {
					F81CF48121378C9D003B9322 = {
						CreatedOnToolsVersion = 9.1;
						ProvisioningStyle = Automatic;
					};
					F81CF49521378C9D003B9322 = {
						CreatedOnToolsVersion = 9.1;
						ProvisioningStyle = Automatic;
						TestTargetID = F81CF48121378C9D003B9322;
					};
				};
			};
			buildConfigurationList = F81CF47D21378C9D003B9322 /* Build configuration list for PBXProject "iOS Prework Project" */;
			compatibilityVersion = "Xcode 8.0";
			developmentRegion = en;
			hasScannedForEncodings = 0;
			knownRegions = (
				en,
				Base,
			);
			mainGroup = F81CF47921378C9D003B9322;
			productRefGroup = F81CF48321378C9D003B9322 /* Products */;
			projectDirPath = "";
			projectRoot = "";
			targets = (
				F81CF48121378C9D003B9322 /* iOS Prework Project */,
				F81CF49521378C9D003B9322 /* iOS Prework ProjectTests */,
			);
		};
/* End PBXProject section */

/* Begin PBXResourcesBuildPhase section */
		F81CF48021378C9D003B9322 /* Resources */ = {
			isa = PBXResourcesBuildPhase;
			buildActionMask = 2147483647;
			files = (
				F81CF49021378C9D003B9322 /* LaunchScreen.storyboard in Resources */,
				F81CF48D21378C9D003B9322 /* Assets.xcassets in Resources */,
				F81CF48B21378C9D003B9322 /* Main.storyboard in Resources */,
			);
			runOnlyForDeploymentPostprocessing = 0;
		};
		F81CF49421378C9D003B9322 /* Resources */ = {
			isa = PBXResourcesBuildPhase;
			buildActionMask = 2147483647;
			files = (
			);
			runOnlyForDeploymentPostprocessing = 0;
		};
/* End PBXResourcesBuildPhase section */

/* Begin PBXSourcesBuildPhase section */
		F81CF47E21378C9D003B9322 /* Sources */ = {
			isa = PBXSourcesBuildPhase;
			buildActionMask = 2147483647;
			files = (
				F81CF48821378C9D003B9322 /* ViewController.swift in Sources */,
				F81CF48621378C9D003B9322 /* AppDelegate.swift in Sources */,
			);
			runOnlyForDeploymentPostprocessing = 0;
		};
		F81CF49221378C9D003B9322 /* Sources */ = {
			isa = PBXSourcesBuildPhase;
			buildActionMask = 2147483647;
			files = (
				F81CF49B21378C9D003B9322 /* iOS_Prework_ProjectTests.swift in Sources */,
			);
			runOnlyForDeploymentPostprocessing = 0;
		};
/* End PBXSourcesBuildPhase section */

/* Begin PBXTargetDependency section */
		F81CF49821378C9D003B9322 /* PBXTargetDependency */ = {
			isa = PBXTargetDependency;
			target = F81CF48121378C9D003B9322 /* iOS Prework Project */;
			targetProxy = F81CF49721378C9D003B9322 /* PBXContainerItemProxy */;
		};
/* End PBXTargetDependency section */

/* Begin PBXVariantGroup section */
		F81CF48921378C9D003B9322 /* Main.storyboard */ = {
			isa = PBXVariantGroup;
			children = (
				F81CF48A21378C9D003B9322 /* Base */,
			);
			name = Main.storyboard;
			sourceTree = "<group>";
		};
		F81CF48E21378C9D003B9322 /* LaunchScreen.storyboard */ = {
			isa = PBXVariantGroup;
			children = (
				F81CF48F21378C9D003B9322 /* Base */,
			);
			name = LaunchScreen.storyboard;
			sourceTree = "<group>";
		};
/* End PBXVariantGroup section */

/* Begin XCBuildConfiguration section */
		F81CF49D21378C9D003B9322 /* Debug */ = {
			isa = XCBuildConfiguration;
			buildSettings = {
				ALWAYS_SEARCH_USER_PATHS = NO;
				CLANG_ANALYZER_NONNULL = YES;
				CLANG_ANALYZER_NUMBER_OBJECT_CONVERSION = YES_AGGRESSIVE;
				CLANG_CXX_LANGUAGE_STANDARD = "gnu++14";
				CLANG_CXX_LIBRARY = "libc++";
				CLANG_ENABLE_MODULES = YES;
				CLANG_ENABLE_OBJC_ARC = YES;
				CLANG_WARN_BLOCK_CAPTURE_AUTORELEASING = YES;
				CLANG_WARN_BOOL_CONVERSION = YES;
				CLANG_WARN_COMMA = YES;
				CLANG_WARN_CONSTANT_CONVERSION = YES;
				CLANG_WARN_DIRECT_OBJC_ISA_USAGE = YES_ERROR;
				CLANG_WARN_DOCUMENTATION_COMMENTS = YES;
				CLANG_WARN_EMPTY_BODY = YES;
				CLANG_WARN_ENUM_CONVERSION = YES;
				CLANG_WARN_INFINITE_RECURSION = YES;
				CLANG_WARN_INT_CONVERSION = YES;
				CLANG_WARN_NON_LITERAL_NULL_CONVERSION = YES;
				CLANG_WARN_OBJC_LITERAL_CONVERSION = YES;
				CLANG_WARN_OBJC_ROOT_CLASS = YES_ERROR;
				CLANG_WARN_RANGE_LOOP_ANALYSIS = YES;
				CLANG_WARN_STRICT_PROTOTYPES = YES;
				CLANG_WARN_SUSPICIOUS_MOVE = YES;
				CLANG_WARN_UNGUARDED_AVAILABILITY = YES_AGGRESSIVE;
				CLANG_WARN_UNREACHABLE_CODE = YES;
				CLANG_WARN__DUPLICATE_METHOD_MATCH = YES;
				CODE_SIGN_IDENTITY = "iPhone Developer";
				COPY_PHASE_STRIP = NO;
				DEBUG_INFORMATION_FORMAT = dwarf;
				ENABLE_STRICT_OBJC_MSGSEND = YES;
				ENABLE_TESTABILITY = YES;
				GCC_C_LANGUAGE_STANDARD = gnu11;
				GCC_DYNAMIC_NO_PIC = NO;
				GCC_NO_COMMON_BLOCKS = YES;
				GCC_OPTIMIZATION_LEVEL = 0;
				GCC_PREPROCESSOR_DEFINITIONS = (
					"DEBUG=1",
					"$(inherited)",
				);
				GCC_WARN_64_TO_32_BIT_CONVERSION = YES;
				GCC_WARN_ABOUT_RETURN_TYPE = YES_ERROR;
				GCC_WARN_UNDECLARED_SELECTOR = YES;
				GCC_WARN_UNINITIALIZED_AUTOS = YES_AGGRESSIVE;
				GCC_WARN_UNUSED_FUNCTION = YES;
				GCC_WARN_UNUSED_VARIABLE = YES;
				IPHONEOS_DEPLOYMENT_TARGET = 11.1;
				MTL_ENABLE_DEBUG_INFO = YES;
				ONLY_ACTIVE_ARCH = YES;
				SDKROOT = iphoneos;
				SWIFT_ACTIVE_COMPILATION_CONDITIONS = DEBUG;
				SWIFT_OPTIMIZATION_LEVEL = "-Onone";
			};
			name = Debug;
		};
		F81CF49E21378C9D003B9322 /* Release */ = {
			isa = XCBuildConfiguration;
			buildSettings = {
				ALWAYS_SEARCH_USER_PATHS = NO;
				CLANG_ANALYZER_NONNULL = YES;
				CLANG_ANALYZER_NUMBER_OBJECT_CONVERSION = YES_AGGRESSIVE;
				CLANG_CXX_LANGUAGE_STANDARD = "gnu++14";
				CLANG_CXX_LIBRARY = "libc++";
				CLANG_ENABLE_MODULES = YES;
				CLANG_ENABLE_OBJC_ARC = YES;
				CLANG_WARN_BLOCK_CAPTURE_AUTORELEASING = YES;
				CLANG_WARN_BOOL_CONVERSION = YES;
				CLANG_WARN_COMMA = YES;
				CLANG_WARN_CONSTANT_CONVERSION = YES;
				CLANG_WARN_DIRECT_OBJC_ISA_USAGE = YES_ERROR;
				CLANG_WARN_DOCUMENTATION_COMMENTS = YES;
				CLANG_WARN_EMPTY_BODY = YES;
				CLANG_WARN_ENUM_CONVERSION = YES;
				CLANG_WARN_INFINITE_RECURSION = YES;
				CLANG_WARN_INT_CONVERSION = YES;
				CLANG_WARN_NON_LITERAL_NULL_CONVERSION = YES;
				CLANG_WARN_OBJC_LITERAL_CONVERSION = YES;
				CLANG_WARN_OBJC_ROOT_CLASS = YES_ERROR;
				CLANG_WARN_RANGE_LOOP_ANALYSIS = YES;
				CLANG_WARN_STRICT_PROTOTYPES = YES;
				CLANG_WARN_SUSPICIOUS_MOVE = YES;
				CLANG_WARN_UNGUARDED_AVAILABILITY = YES_AGGRESSIVE;
				CLANG_WARN_UNREACHABLE_CODE = YES;
				CLANG_WARN__DUPLICATE_METHOD_MATCH = YES;
				CODE_SIGN_IDENTITY = "iPhone Developer";
				COPY_PHASE_STRIP = NO;
				DEBUG_INFORMATION_FORMAT = "dwarf-with-dsym";
				ENABLE_NS_ASSERTIONS = NO;
				ENABLE_STRICT_OBJC_MSGSEND = YES;
				GCC_C_LANGUAGE_STANDARD = gnu11;
				GCC_NO_COMMON_BLOCKS = YES;
				GCC_WARN_64_TO_32_BIT_CONVERSION = YES;
				GCC_WARN_ABOUT_RETURN_TYPE = YES_ERROR;
				GCC_WARN_UNDECLARED_SELECTOR = YES;
				GCC_WARN_UNINITIALIZED_AUTOS = YES_AGGRESSIVE;
				GCC_WARN_UNUSED_FUNCTION = YES;
				GCC_WARN_UNUSED_VARIABLE = YES;
				IPHONEOS_DEPLOYMENT_TARGET = 11.1;
				MTL_ENABLE_DEBUG_INFO = NO;
				SDKROOT = iphoneos;
				SWIFT_OPTIMIZATION_LEVEL = "-Owholemodule";
				VALIDATE_PRODUCT = YES;
			};
			name = Release;
		};
		F81CF4A021378C9D003B9322 /* Debug */ = {
			isa = XCBuildConfiguration;
			buildSettings = {
				ASSETCATALOG_COMPILER_APPICON_NAME = AppIcon;
				CODE_SIGN_STYLE = Automatic;
				INFOPLIST_FILE = "iOS Prework Project/Info.plist";
				LD_RUNPATH_SEARCH_PATHS = "$(inherited) @executable_path/Frameworks";
				PRODUCT_BUNDLE_IDENTIFIER = "com.nikhil.iOS-Prework-Project";
				PRODUCT_NAME = "$(TARGET_NAME)";
				SWIFT_VERSION = 4.0;
				TARGETED_DEVICE_FAMILY = "1,2";
			};
			name = Debug;
		};
		F81CF4A121378C9D003B9322 /* Release */ = {
			isa = XCBuildConfiguration;
			buildSettings = {
				ASSETCATALOG_COMPILER_APPICON_NAME = AppIcon;
				CODE_SIGN_STYLE = Automatic;
				INFOPLIST_FILE = "iOS Prework Project/Info.plist";
				LD_RUNPATH_SEARCH_PATHS = "$(inherited) @executable_path/Frameworks";
				PRODUCT_BUNDLE_IDENTIFIER = "com.nikhil.iOS-Prework-Project";
				PRODUCT_NAME = "$(TARGET_NAME)";
				SWIFT_VERSION = 4.0;
				TARGETED_DEVICE_FAMILY = "1,2";
			};
			name = Release;
		};
		F81CF4A321378C9D003B9322 /* Debug */ = {
			isa = XCBuildConfiguration;
			buildSettings = {
				ALWAYS_EMBED_SWIFT_STANDARD_LIBRARIES = YES;
				BUNDLE_LOADER = "$(TEST_HOST)";
				CODE_SIGN_STYLE = Automatic;
				INFOPLIST_FILE = "iOS Prework ProjectTests/Info.plist";
				LD_RUNPATH_SEARCH_PATHS = "$(inherited) @executable_path/Frameworks @loader_path/Frameworks";
				PRODUCT_BUNDLE_IDENTIFIER = "com.nikhil.iOS-Prework-ProjectTests";
				PRODUCT_NAME = "$(TARGET_NAME)";
				SWIFT_VERSION = 4.0;
				TARGETED_DEVICE_FAMILY = "1,2";
				TEST_HOST = "$(BUILT_PRODUCTS_DIR)/iOS Prework Project.app/iOS Prework Project";
			};
			name = Debug;
		};
		F81CF4A421378C9D003B9322 /* Release */ = {
			isa = XCBuildConfiguration;
			buildSettings = {
				ALWAYS_EMBED_SWIFT_STANDARD_LIBRARIES = YES;
				BUNDLE_LOADER = "$(TEST_HOST)";
				CODE_SIGN_STYLE = Automatic;
				INFOPLIST_FILE = "iOS Prework ProjectTests/Info.plist";
				LD_RUNPATH_SEARCH_PATHS = "$(inherited) @executable_path/Frameworks @loader_path/Frameworks";
				PRODUCT_BUNDLE_IDENTIFIER = "com.nikhil.iOS-Prework-ProjectTests";
				PRODUCT_NAME = "$(TARGET_NAME)";
				SWIFT_VERSION = 4.0;
				TARGETED_DEVICE_FAMILY = "1,2";
				TEST_HOST = "$(BUILT_PRODUCTS_DIR)/iOS Prework Project.app/iOS Prework Project";
			};
			name = Release;
		};
/* End XCBuildConfiguration section */

/* Begin XCConfigurationList section */
		F81CF47D21378C9D003B9322 /* Build configuration list for PBXProject "iOS Prework Project" */ = {
			isa = XCConfigurationList;
			buildConfigurations = (
				F81CF49D21378C9D003B9322 /* Debug */,
				F81CF49E21378C9D003B9322 /* Release */,
			);
			defaultConfigurationIsVisible = 0;
			defaultConfigurationName = Release;
		};
		F81CF49F21378C9D003B9322 /* Build configuration list for PBXNativeTarget "iOS Prework Project" */ = {
			isa = XCConfigurationList;
			buildConfigurations = (
				F81CF4A021378C9D003B9322 /* Debug */,
				F81CF4A121378C9D003B9322 /* Release */,
			);
			defaultConfigurationIsVisible = 0;
			defaultConfigurationName = Release;
		};
		F81CF4A221378C9D003B9322 /* Build configuration list for PBXNativeTarget "iOS Prework ProjectTests" */ = {
			isa = XCConfigurationList;
			buildConfigurations = (
				F81CF4A321378C9D003B9322 /* Debug */,
				F81CF4A421378C9D003B9322 /* Release */,
			);
			defaultConfigurationIsVisible = 0;
			defaultConfigurationName = Release;
		};
/* End XCConfigurationList section */
	};
	rootObject = F81CF47A21378C9D003B9322 /* Project object */;
}
